// !$*UTF8*$!
{
	archiveVersion = 1;
	classes = {
	};
	objectVersion = 50;
	objects = {

/* Begin PBXBuildFile section */
		B60D72642275B8240025A08D /* +HSSquareEventManager.swift in Sources */ = {isa = PBXBuildFile; fileRef = B60D72632275B8240025A08D /* +HSSquareEventManager.swift */; };
		B616EC2F2271823C00D2B305 /* HSShopManagerTests.swift in Sources */ = {isa = PBXBuildFile; fileRef = B616EC2E2271823C00D2B305 /* HSShopManagerTests.swift */; };
		B616EC3122718C6500D2B305 /* HSSpecialItem.swift in Sources */ = {isa = PBXBuildFile; fileRef = B616EC3022718C6500D2B305 /* HSSpecialItem.swift */; };
		B63AF2CF227040690069C54B /* HSNPCPlayer.swift in Sources */ = {isa = PBXBuildFile; fileRef = B63AF2CE227040690069C54B /* HSNPCPlayer.swift */; };
		B68686A4226EEF4200389CFB /* HSSquareEventManager.swift in Sources */ = {isa = PBXBuildFile; fileRef = B68686A3226EEF4200389CFB /* HSSquareEventManager.swift */; };
		B68686A6226F053900389CFB /* HSGameControllerTests.swift in Sources */ = {isa = PBXBuildFile; fileRef = B68686A5226F053900389CFB /* HSGameControllerTests.swift */; };
		B6929A19226C0FA200042919 /* AppDelegate.swift in Sources */ = {isa = PBXBuildFile; fileRef = B6929A18226C0FA200042919 /* AppDelegate.swift */; };
		B6929A1E226C0FA200042919 /* Main.storyboard in Resources */ = {isa = PBXBuildFile; fileRef = B6929A1C226C0FA200042919 /* Main.storyboard */; };
		B6929A20226C0FA300042919 /* Assets.xcassets in Resources */ = {isa = PBXBuildFile; fileRef = B6929A1F226C0FA300042919 /* Assets.xcassets */; };
		B6929A23226C0FA300042919 /* LaunchScreen.storyboard in Resources */ = {isa = PBXBuildFile; fileRef = B6929A21226C0FA300042919 /* LaunchScreen.storyboard */; };
		B6929A2E226C0FA300042919 /* Heisei_Jinsei_GameTests.swift in Sources */ = {isa = PBXBuildFile; fileRef = B6929A2D226C0FA300042919 /* Heisei_Jinsei_GameTests.swift */; };
		B6929A41226C11DF00042919 /* Ex+UIImage.swift in Sources */ = {isa = PBXBuildFile; fileRef = B6929A3A226C11DF00042919 /* Ex+UIImage.swift */; };
		B6929A42226C11DF00042919 /* Ex+Swift.swift in Sources */ = {isa = PBXBuildFile; fileRef = B6929A3B226C11DF00042919 /* Ex+Swift.swift */; };
		B6929A43226C11DF00042919 /* Ex+Foundation.swift in Sources */ = {isa = PBXBuildFile; fileRef = B6929A3C226C11DF00042919 /* Ex+Foundation.swift */; };
		B6929A44226C11DF00042919 /* EX+SpriteKit.swift in Sources */ = {isa = PBXBuildFile; fileRef = B6929A3D226C11DF00042919 /* EX+SpriteKit.swift */; };
		B6929A45226C11DF00042919 /* Ex+UIKit.swift in Sources */ = {isa = PBXBuildFile; fileRef = B6929A3E226C11DF00042919 /* Ex+UIKit.swift */; };
		B6929A46226C11DF00042919 /* Ex+UIColor.swift in Sources */ = {isa = PBXBuildFile; fileRef = B6929A3F226C11DF00042919 /* Ex+UIColor.swift */; };
		B6929A47226C11DF00042919 /* Ex+CoreGraphics.swift in Sources */ = {isa = PBXBuildFile; fileRef = B6929A40226C11DF00042919 /* Ex+CoreGraphics.swift */; };
		B6929A49226C11E500042919 /* RMStorage.swift in Sources */ = {isa = PBXBuildFile; fileRef = B6929A48226C11E500042919 /* RMStorage.swift */; };
		B6929A4D226C120200042919 /* IEView.swift in Sources */ = {isa = PBXBuildFile; fileRef = B6929A4C226C120200042919 /* IEView.swift */; };
		B6929A53226C139500042919 /* HSMainMenuViewController.swift in Sources */ = {isa = PBXBuildFile; fileRef = B6929A52226C139500042919 /* HSMainMenuViewController.swift */; };
		B6929A55226C13A000042919 /* HSMainMenuViewModel.swift in Sources */ = {isa = PBXBuildFile; fileRef = B6929A54226C13A000042919 /* HSMainMenuViewModel.swift */; };
		B6929A58226C13B600042919 /* HSMapViewController.swift in Sources */ = {isa = PBXBuildFile; fileRef = B6929A57226C13B600042919 /* HSMapViewController.swift */; };
		B6929A5A226C13BF00042919 /* HSMapViewModel.swift in Sources */ = {isa = PBXBuildFile; fileRef = B6929A59226C13BF00042919 /* HSMapViewModel.swift */; };
		B6929A5D226C13E400042919 /* HSMapDetailViewController.swift in Sources */ = {isa = PBXBuildFile; fileRef = B6929A5C226C13E400042919 /* HSMapDetailViewController.swift */; };
		B6929A5F226C13EA00042919 /* HSMapDetailViewModel.swift in Sources */ = {isa = PBXBuildFile; fileRef = B6929A5E226C13EA00042919 /* HSMapDetailViewModel.swift */; };
		B6929A61226C13FD00042919 /* HSMapDetailView.storyboard in Resources */ = {isa = PBXBuildFile; fileRef = B6929A60226C13FD00042919 /* HSMapDetailView.storyboard */; };
		B6929A63226C141600042919 /* HSMapView.storyboard in Resources */ = {isa = PBXBuildFile; fileRef = B6929A62226C141600042919 /* HSMapView.storyboard */; };
		B6929A65226C142100042919 /* HSMainMenu.storyboard in Resources */ = {isa = PBXBuildFile; fileRef = B6929A64226C142100042919 /* HSMainMenu.storyboard */; };
		B6929A68226C146E00042919 /* HSPlayerSquareManager.swift in Sources */ = {isa = PBXBuildFile; fileRef = B6929A67226C146E00042919 /* HSPlayerSquareManager.swift */; };
		B6929A6B226C14A600042919 /* HSPlayer.swift in Sources */ = {isa = PBXBuildFile; fileRef = B6929A6A226C14A600042919 /* HSPlayer.swift */; };
		B6929A6D226C155300042919 /* HSEraEvent.swift in Sources */ = {isa = PBXBuildFile; fileRef = B6929A6C226C155300042919 /* HSEraEvent.swift */; };
		B6929A6F226C1B2A00042919 /* HSEraEventAction.swift in Sources */ = {isa = PBXBuildFile; fileRef = B6929A6E226C1B2A00042919 /* HSEraEventAction.swift */; };
		B6929A71226C1B8C00042919 /* +HSEraEventAction.swift in Sources */ = {isa = PBXBuildFile; fileRef = B6929A70226C1B8C00042919 /* +HSEraEventAction.swift */; };
		B6929A73226C414F00042919 /* HSItem.swift in Sources */ = {isa = PBXBuildFile; fileRef = B6929A72226C414F00042919 /* HSItem.swift */; };
		B6929A75226C42DF00042919 /* HSItemStack.swift in Sources */ = {isa = PBXBuildFile; fileRef = B6929A74226C42DF00042919 /* HSItemStack.swift */; };
		B6929A79226C581700042919 /* HSGameController.swift in Sources */ = {isa = PBXBuildFile; fileRef = B6929A78226C581700042919 /* HSGameController.swift */; };
		B6A20AEC22715EC40006765F /* HSShopManager.swift in Sources */ = {isa = PBXBuildFile; fileRef = B6A20AEB22715EC40006765F /* HSShopManager.swift */; };
		BF08F4292272A6C800D2F93C /* ActionAlertViewController.swift in Sources */ = {isa = PBXBuildFile; fileRef = BF08F4272272A6C800D2F93C /* ActionAlertViewController.swift */; };
		BF08F42A2272A6C900D2F93C /* ActionAlertViewController.xib in Resources */ = {isa = PBXBuildFile; fileRef = BF08F4282272A6C800D2F93C /* ActionAlertViewController.xib */; };
		BFD8FE57227157BA000EC11E /* Car.swift in Sources */ = {isa = PBXBuildFile; fileRef = BFD8FE56227157BA000EC11E /* Car.swift */; };
		BFD8FE5922715CF7000EC11E /* Car.xib in Resources */ = {isa = PBXBuildFile; fileRef = BFD8FE5822715CF7000EC11E /* Car.xib */; };
		BFD8FE5D22727509000EC11E /* AnimateEachBlock.swift in Sources */ = {isa = PBXBuildFile; fileRef = BFD8FE5C22727509000EC11E /* AnimateEachBlock.swift */; };
		CC15269422717C5D003CB391 /* HSRouletteCustomView.swift in Sources */ = {isa = PBXBuildFile; fileRef = CC15269322717C5D003CB391 /* HSRouletteCustomView.swift */; };
		CC15269722718F7C003CB391 /* HSColor.swift in Sources */ = {isa = PBXBuildFile; fileRef = CC15269622718F7C003CB391 /* HSColor.swift */; };
		CC152699227191A4003CB391 /* HSShadow.swift in Sources */ = {isa = PBXBuildFile; fileRef = CC152698227191A4003CB391 /* HSShadow.swift */; };
		CC1526A022719A09003CB391 /* TsukushiAMaruGothic.ttc in Resources */ = {isa = PBXBuildFile; fileRef = CC15269F22719A01003CB391 /* TsukushiAMaruGothic.ttc */; };
		CC1526A22271A7F5003CB391 /* FadeInOutAnimation.swift in Sources */ = {isa = PBXBuildFile; fileRef = CC1526A12271A7F5003CB391 /* FadeInOutAnimation.swift */; };
		CC1526A42271B588003CB391 /* HSFont.swift in Sources */ = {isa = PBXBuildFile; fileRef = CC1526A32271B588003CB391 /* HSFont.swift */; };
		CC1526A722732FA6003CB391 /* HSBalloonCustomView.swift in Sources */ = {isa = PBXBuildFile; fileRef = CC1526A622732FA6003CB391 /* HSBalloonCustomView.swift */; };
		CC1526A92273472B003CB391 /* HSInnerShadow.swift in Sources */ = {isa = PBXBuildFile; fileRef = CC1526A82273472B003CB391 /* HSInnerShadow.swift */; };
		CC1526AC2273581D003CB391 /* HSBalloonCustomView.xib in Resources */ = {isa = PBXBuildFile; fileRef = CC1526AB2273581D003CB391 /* HSBalloonCustomView.xib */; };
		CC1526B22274275D003CB391 /* HSPlayerAreaCustomView.swift in Sources */ = {isa = PBXBuildFile; fileRef = CC1526B12274275D003CB391 /* HSPlayerAreaCustomView.swift */; };
		CC1526B62274337F003CB391 /* HSPlayerAreaCustomView.xib in Resources */ = {isa = PBXBuildFile; fileRef = CC1526B52274337F003CB391 /* HSPlayerAreaCustomView.xib */; };
		CCED28112270D13100B676BF /* HSRouletteAnimation.swift in Sources */ = {isa = PBXBuildFile; fileRef = CCED28102270D13100B676BF /* HSRouletteAnimation.swift */; };
/* End PBXBuildFile section */

/* Begin PBXContainerItemProxy section */
		B6929A2A226C0FA300042919 /* PBXContainerItemProxy */ = {
			isa = PBXContainerItemProxy;
			containerPortal = B6929A0D226C0FA200042919 /* Project object */;
			proxyType = 1;
			remoteGlobalIDString = B6929A14226C0FA200042919;
			remoteInfo = Heisei_Jinsei_Game;
		};
/* End PBXContainerItemProxy section */

/* Begin PBXFileReference section */
		B60D72632275B8240025A08D /* +HSSquareEventManager.swift */ = {isa = PBXFileReference; fileEncoding = 4; lastKnownFileType = sourcecode.swift; path = "+HSSquareEventManager.swift"; sourceTree = "<group>"; };
		B616EC2E2271823C00D2B305 /* HSShopManagerTests.swift */ = {isa = PBXFileReference; lastKnownFileType = sourcecode.swift; path = HSShopManagerTests.swift; sourceTree = "<group>"; };
		B616EC3022718C6500D2B305 /* HSSpecialItem.swift */ = {isa = PBXFileReference; lastKnownFileType = sourcecode.swift; path = HSSpecialItem.swift; sourceTree = "<group>"; };
		B63AF2CE227040690069C54B /* HSNPCPlayer.swift */ = {isa = PBXFileReference; lastKnownFileType = sourcecode.swift; path = HSNPCPlayer.swift; sourceTree = "<group>"; };
		B68686A3226EEF4200389CFB /* HSSquareEventManager.swift */ = {isa = PBXFileReference; lastKnownFileType = sourcecode.swift; path = HSSquareEventManager.swift; sourceTree = "<group>"; };
		B68686A5226F053900389CFB /* HSGameControllerTests.swift */ = {isa = PBXFileReference; lastKnownFileType = sourcecode.swift; path = HSGameControllerTests.swift; sourceTree = "<group>"; };
		B6929A15226C0FA200042919 /* Heisei_Jinsei_Game.app */ = {isa = PBXFileReference; explicitFileType = wrapper.application; includeInIndex = 0; path = Heisei_Jinsei_Game.app; sourceTree = BUILT_PRODUCTS_DIR; };
		B6929A18226C0FA200042919 /* AppDelegate.swift */ = {isa = PBXFileReference; lastKnownFileType = sourcecode.swift; path = AppDelegate.swift; sourceTree = "<group>"; };
		B6929A1D226C0FA200042919 /* Base */ = {isa = PBXFileReference; lastKnownFileType = file.storyboard; name = Base; path = Base.lproj/Main.storyboard; sourceTree = "<group>"; };
		B6929A1F226C0FA300042919 /* Assets.xcassets */ = {isa = PBXFileReference; lastKnownFileType = folder.assetcatalog; path = Assets.xcassets; sourceTree = "<group>"; };
		B6929A22226C0FA300042919 /* Base */ = {isa = PBXFileReference; lastKnownFileType = file.storyboard; name = Base; path = Base.lproj/LaunchScreen.storyboard; sourceTree = "<group>"; };
		B6929A24226C0FA300042919 /* Info.plist */ = {isa = PBXFileReference; lastKnownFileType = text.plist.xml; path = Info.plist; sourceTree = "<group>"; };
		B6929A29226C0FA300042919 /* Heisei_Jinsei_GameTests.xctest */ = {isa = PBXFileReference; explicitFileType = wrapper.cfbundle; includeInIndex = 0; path = Heisei_Jinsei_GameTests.xctest; sourceTree = BUILT_PRODUCTS_DIR; };
		B6929A2D226C0FA300042919 /* Heisei_Jinsei_GameTests.swift */ = {isa = PBXFileReference; lastKnownFileType = sourcecode.swift; path = Heisei_Jinsei_GameTests.swift; sourceTree = "<group>"; };
		B6929A2F226C0FA300042919 /* Info.plist */ = {isa = PBXFileReference; lastKnownFileType = text.plist.xml; path = Info.plist; sourceTree = "<group>"; };
		B6929A3A226C11DF00042919 /* Ex+UIImage.swift */ = {isa = PBXFileReference; fileEncoding = 4; lastKnownFileType = sourcecode.swift; path = "Ex+UIImage.swift"; sourceTree = "<group>"; };
		B6929A3B226C11DF00042919 /* Ex+Swift.swift */ = {isa = PBXFileReference; fileEncoding = 4; lastKnownFileType = sourcecode.swift; path = "Ex+Swift.swift"; sourceTree = "<group>"; };
		B6929A3C226C11DF00042919 /* Ex+Foundation.swift */ = {isa = PBXFileReference; fileEncoding = 4; lastKnownFileType = sourcecode.swift; path = "Ex+Foundation.swift"; sourceTree = "<group>"; };
		B6929A3D226C11DF00042919 /* EX+SpriteKit.swift */ = {isa = PBXFileReference; fileEncoding = 4; lastKnownFileType = sourcecode.swift; path = "EX+SpriteKit.swift"; sourceTree = "<group>"; };
		B6929A3E226C11DF00042919 /* Ex+UIKit.swift */ = {isa = PBXFileReference; fileEncoding = 4; lastKnownFileType = sourcecode.swift; path = "Ex+UIKit.swift"; sourceTree = "<group>"; };
		B6929A3F226C11DF00042919 /* Ex+UIColor.swift */ = {isa = PBXFileReference; fileEncoding = 4; lastKnownFileType = sourcecode.swift; path = "Ex+UIColor.swift"; sourceTree = "<group>"; };
		B6929A40226C11DF00042919 /* Ex+CoreGraphics.swift */ = {isa = PBXFileReference; fileEncoding = 4; lastKnownFileType = sourcecode.swift; path = "Ex+CoreGraphics.swift"; sourceTree = "<group>"; };
		B6929A48226C11E500042919 /* RMStorage.swift */ = {isa = PBXFileReference; fileEncoding = 4; lastKnownFileType = sourcecode.swift; path = RMStorage.swift; sourceTree = "<group>"; };
		B6929A4C226C120200042919 /* IEView.swift */ = {isa = PBXFileReference; fileEncoding = 4; lastKnownFileType = sourcecode.swift; path = IEView.swift; sourceTree = "<group>"; };
		B6929A52226C139500042919 /* HSMainMenuViewController.swift */ = {isa = PBXFileReference; lastKnownFileType = sourcecode.swift; path = HSMainMenuViewController.swift; sourceTree = "<group>"; };
		B6929A54226C13A000042919 /* HSMainMenuViewModel.swift */ = {isa = PBXFileReference; lastKnownFileType = sourcecode.swift; path = HSMainMenuViewModel.swift; sourceTree = "<group>"; };
		B6929A57226C13B600042919 /* HSMapViewController.swift */ = {isa = PBXFileReference; lastKnownFileType = sourcecode.swift; path = HSMapViewController.swift; sourceTree = "<group>"; };
		B6929A59226C13BF00042919 /* HSMapViewModel.swift */ = {isa = PBXFileReference; lastKnownFileType = sourcecode.swift; path = HSMapViewModel.swift; sourceTree = "<group>"; };
		B6929A5C226C13E400042919 /* HSMapDetailViewController.swift */ = {isa = PBXFileReference; lastKnownFileType = sourcecode.swift; path = HSMapDetailViewController.swift; sourceTree = "<group>"; };
		B6929A5E226C13EA00042919 /* HSMapDetailViewModel.swift */ = {isa = PBXFileReference; lastKnownFileType = sourcecode.swift; path = HSMapDetailViewModel.swift; sourceTree = "<group>"; };
		B6929A60226C13FD00042919 /* HSMapDetailView.storyboard */ = {isa = PBXFileReference; lastKnownFileType = file.storyboard; path = HSMapDetailView.storyboard; sourceTree = "<group>"; };
		B6929A62226C141600042919 /* HSMapView.storyboard */ = {isa = PBXFileReference; lastKnownFileType = file.storyboard; path = HSMapView.storyboard; sourceTree = "<group>"; };
		B6929A64226C142100042919 /* HSMainMenu.storyboard */ = {isa = PBXFileReference; lastKnownFileType = file.storyboard; path = HSMainMenu.storyboard; sourceTree = "<group>"; };
		B6929A67226C146E00042919 /* HSPlayerSquareManager.swift */ = {isa = PBXFileReference; lastKnownFileType = sourcecode.swift; path = HSPlayerSquareManager.swift; sourceTree = "<group>"; };
		B6929A6A226C14A600042919 /* HSPlayer.swift */ = {isa = PBXFileReference; lastKnownFileType = sourcecode.swift; path = HSPlayer.swift; sourceTree = "<group>"; };
		B6929A6C226C155300042919 /* HSEraEvent.swift */ = {isa = PBXFileReference; lastKnownFileType = sourcecode.swift; path = HSEraEvent.swift; sourceTree = "<group>"; };
		B6929A6E226C1B2A00042919 /* HSEraEventAction.swift */ = {isa = PBXFileReference; lastKnownFileType = sourcecode.swift; path = HSEraEventAction.swift; sourceTree = "<group>"; };
		B6929A70226C1B8C00042919 /* +HSEraEventAction.swift */ = {isa = PBXFileReference; lastKnownFileType = sourcecode.swift; path = "+HSEraEventAction.swift"; sourceTree = "<group>"; };
		B6929A72226C414F00042919 /* HSItem.swift */ = {isa = PBXFileReference; lastKnownFileType = sourcecode.swift; path = HSItem.swift; sourceTree = "<group>"; };
		B6929A74226C42DF00042919 /* HSItemStack.swift */ = {isa = PBXFileReference; lastKnownFileType = sourcecode.swift; path = HSItemStack.swift; sourceTree = "<group>"; };
		B6929A76226C48F800042919 /* README.md */ = {isa = PBXFileReference; lastKnownFileType = net.daringfireball.markdown; path = README.md; sourceTree = "<group>"; };
		B6929A78226C581700042919 /* HSGameController.swift */ = {isa = PBXFileReference; lastKnownFileType = sourcecode.swift; path = HSGameController.swift; sourceTree = "<group>"; };
		B6A20AEB22715EC40006765F /* HSShopManager.swift */ = {isa = PBXFileReference; lastKnownFileType = sourcecode.swift; path = HSShopManager.swift; sourceTree = "<group>"; };
		BF08F4272272A6C800D2F93C /* ActionAlertViewController.swift */ = {isa = PBXFileReference; lastKnownFileType = sourcecode.swift; path = ActionAlertViewController.swift; sourceTree = "<group>"; };
		BF08F4282272A6C800D2F93C /* ActionAlertViewController.xib */ = {isa = PBXFileReference; lastKnownFileType = file.xib; path = ActionAlertViewController.xib; sourceTree = "<group>"; };
		BFD8FE56227157BA000EC11E /* Car.swift */ = {isa = PBXFileReference; lastKnownFileType = sourcecode.swift; path = Car.swift; sourceTree = "<group>"; };
		BFD8FE5822715CF7000EC11E /* Car.xib */ = {isa = PBXFileReference; lastKnownFileType = file.xib; path = Car.xib; sourceTree = "<group>"; };
		BFD8FE5C22727509000EC11E /* AnimateEachBlock.swift */ = {isa = PBXFileReference; lastKnownFileType = sourcecode.swift; path = AnimateEachBlock.swift; sourceTree = "<group>"; };
		CC15269322717C5D003CB391 /* HSRouletteCustomView.swift */ = {isa = PBXFileReference; lastKnownFileType = sourcecode.swift; path = HSRouletteCustomView.swift; sourceTree = "<group>"; };
		CC15269622718F7C003CB391 /* HSColor.swift */ = {isa = PBXFileReference; lastKnownFileType = sourcecode.swift; path = HSColor.swift; sourceTree = "<group>"; };
		CC152698227191A4003CB391 /* HSShadow.swift */ = {isa = PBXFileReference; lastKnownFileType = sourcecode.swift; path = HSShadow.swift; sourceTree = "<group>"; };
		CC15269F22719A01003CB391 /* TsukushiAMaruGothic.ttc */ = {isa = PBXFileReference; lastKnownFileType = file; path = TsukushiAMaruGothic.ttc; sourceTree = "<group>"; };
		CC1526A12271A7F5003CB391 /* FadeInOutAnimation.swift */ = {isa = PBXFileReference; lastKnownFileType = sourcecode.swift; path = FadeInOutAnimation.swift; sourceTree = "<group>"; };
		CC1526A32271B588003CB391 /* HSFont.swift */ = {isa = PBXFileReference; lastKnownFileType = sourcecode.swift; path = HSFont.swift; sourceTree = "<group>"; };
		CC1526A622732FA6003CB391 /* HSBalloonCustomView.swift */ = {isa = PBXFileReference; lastKnownFileType = sourcecode.swift; path = HSBalloonCustomView.swift; sourceTree = "<group>"; };
		CC1526A82273472B003CB391 /* HSInnerShadow.swift */ = {isa = PBXFileReference; lastKnownFileType = sourcecode.swift; path = HSInnerShadow.swift; sourceTree = "<group>"; };
		CC1526AB2273581D003CB391 /* HSBalloonCustomView.xib */ = {isa = PBXFileReference; lastKnownFileType = file.xib; path = HSBalloonCustomView.xib; sourceTree = "<group>"; };
		CC1526B12274275D003CB391 /* HSPlayerAreaCustomView.swift */ = {isa = PBXFileReference; lastKnownFileType = sourcecode.swift; path = HSPlayerAreaCustomView.swift; sourceTree = "<group>"; };
		CC1526B52274337F003CB391 /* HSPlayerAreaCustomView.xib */ = {isa = PBXFileReference; lastKnownFileType = file.xib; path = HSPlayerAreaCustomView.xib; sourceTree = "<group>"; };
		CCED28102270D13100B676BF /* HSRouletteAnimation.swift */ = {isa = PBXFileReference; lastKnownFileType = sourcecode.swift; path = HSRouletteAnimation.swift; sourceTree = "<group>"; };
/* End PBXFileReference section */

/* Begin PBXFrameworksBuildPhase section */
		B6929A12226C0FA200042919 /* Frameworks */ = {
			isa = PBXFrameworksBuildPhase;
			buildActionMask = 2147483647;
			files = (
			);
			runOnlyForDeploymentPostprocessing = 0;
		};
		B6929A26226C0FA300042919 /* Frameworks */ = {
			isa = PBXFrameworksBuildPhase;
			buildActionMask = 2147483647;
			files = (
			);
			runOnlyForDeploymentPostprocessing = 0;
		};
/* End PBXFrameworksBuildPhase section */

/* Begin PBXGroup section */
		B63AF2CD2270405A0069C54B /* NPC */ = {
			isa = PBXGroup;
			children = (
				B63AF2CE227040690069C54B /* HSNPCPlayer.swift */,
			);
			path = NPC;
			sourceTree = "<group>";
		};
		B6929A0C226C0FA200042919 = {
			isa = PBXGroup;
			children = (
				B6929A17226C0FA200042919 /* Heisei_Jinsei_Game */,
				B6929A2C226C0FA300042919 /* Heisei_Jinsei_GameTests */,
			);
			sourceTree = "<group>";
		};
		B6929A16226C0FA200042919 /* Products */ = {
			isa = PBXGroup;
			children = (
				B6929A15226C0FA200042919 /* Heisei_Jinsei_Game.app */,
				B6929A29226C0FA300042919 /* Heisei_Jinsei_GameTests.xctest */,
			);
			name = Products;
			path = ..;
			sourceTree = "<group>";
		};
		B6929A17226C0FA200042919 /* Heisei_Jinsei_Game */ = {
			isa = PBXGroup;
			children = (
				B6929A24226C0FA300042919 /* Info.plist */,
				B6929A18226C0FA200042919 /* AppDelegate.swift */,
				CC15269522718EF5003CB391 /* BaseUIDefinition */,
				B6929A4F226C135900042919 /* Interface */,
				B6929A38226C0FB000042919 /* CommonLib */,
				B6929A66226C143A00042919 /* System */,
				B6929A50226C136700042919 /* View-ViewModel */,
				B6929A4E226C134A00042919 /* Resource */,
			);
			path = Heisei_Jinsei_Game;
			sourceTree = "<group>";
		};
		B6929A2C226C0FA300042919 /* Heisei_Jinsei_GameTests */ = {
			isa = PBXGroup;
			children = (
				B68686A5226F053900389CFB /* HSGameControllerTests.swift */,
				B616EC2E2271823C00D2B305 /* HSShopManagerTests.swift */,
				B6929A2D226C0FA300042919 /* Heisei_Jinsei_GameTests.swift */,
				B6929A16226C0FA200042919 /* Products */,
				B6929A2F226C0FA300042919 /* Info.plist */,
			);
			path = Heisei_Jinsei_GameTests;
			sourceTree = "<group>";
		};
		B6929A38226C0FB000042919 /* CommonLib */ = {
			isa = PBXGroup;
			children = (
				B6929A4B226C11FA00042919 /* IEKit */,
				B6929A4A226C11EE00042919 /* RMKit */,
			);
			path = CommonLib;
			sourceTree = "<group>";
		};
		B6929A39226C11DF00042919 /* extensions */ = {
			isa = PBXGroup;
			children = (
				B6929A3A226C11DF00042919 /* Ex+UIImage.swift */,
				B6929A3B226C11DF00042919 /* Ex+Swift.swift */,
				B6929A3C226C11DF00042919 /* Ex+Foundation.swift */,
				B6929A3D226C11DF00042919 /* EX+SpriteKit.swift */,
				B6929A3E226C11DF00042919 /* Ex+UIKit.swift */,
				B6929A3F226C11DF00042919 /* Ex+UIColor.swift */,
				B6929A40226C11DF00042919 /* Ex+CoreGraphics.swift */,
			);
			path = extensions;
			sourceTree = "<group>";
		};
		B6929A4A226C11EE00042919 /* RMKit */ = {
			isa = PBXGroup;
			children = (
				B6929A39226C11DF00042919 /* extensions */,
				B6929A48226C11E500042919 /* RMStorage.swift */,
			);
			path = RMKit;
			sourceTree = "<group>";
		};
		B6929A4B226C11FA00042919 /* IEKit */ = {
			isa = PBXGroup;
			children = (
				B6929A4C226C120200042919 /* IEView.swift */,
			);
			path = IEKit;
			sourceTree = "<group>";
		};
		B6929A4E226C134A00042919 /* Resource */ = {
			isa = PBXGroup;
			children = (
				B6929A1F226C0FA300042919 /* Assets.xcassets */,
			);
			path = Resource;
			sourceTree = "<group>";
		};
		B6929A4F226C135900042919 /* Interface */ = {
			isa = PBXGroup;
			children = (
				B6929A21226C0FA300042919 /* LaunchScreen.storyboard */,
				B6929A1C226C0FA200042919 /* Main.storyboard */,
			);
			path = Interface;
			sourceTree = "<group>";
		};
		B6929A50226C136700042919 /* View-ViewModel */ = {
			isa = PBXGroup;
			children = (
				B6929A5B226C13C300042919 /* MapDetail */,
				B6929A56226C13A400042919 /* Map */,
				B6929A51226C138100042919 /* MainMenu */,
			);
			path = "View-ViewModel";
			sourceTree = "<group>";
		};
		B6929A51226C138100042919 /* MainMenu */ = {
			isa = PBXGroup;
			children = (
				B6929A64226C142100042919 /* HSMainMenu.storyboard */,
				B6929A52226C139500042919 /* HSMainMenuViewController.swift */,
				B6929A54226C13A000042919 /* HSMainMenuViewModel.swift */,
			);
			path = MainMenu;
			sourceTree = "<group>";
		};
		B6929A56226C13A400042919 /* Map */ = {
			isa = PBXGroup;
			children = (
				CC1526B022742738003CB391 /* playerArea */,
				CC1526A522732F86003CB391 /* balloon */,
				BF3333F62273675B00CB0F4F /* ActionAlert */,
				BFD8FE552271579F000EC11E /* Car */,
				CC152690227172D8003CB391 /* Roulette */,
				B6929A62226C141600042919 /* HSMapView.storyboard */,
				B6929A57226C13B600042919 /* HSMapViewController.swift */,
				B6929A59226C13BF00042919 /* HSMapViewModel.swift */,
			);
			path = Map;
			sourceTree = "<group>";
		};
		B6929A5B226C13C300042919 /* MapDetail */ = {
			isa = PBXGroup;
			children = (
				B6929A60226C13FD00042919 /* HSMapDetailView.storyboard */,
				B6929A5C226C13E400042919 /* HSMapDetailViewController.swift */,
				B6929A5E226C13EA00042919 /* HSMapDetailViewModel.swift */,
			);
			path = MapDetail;
			sourceTree = "<group>";
		};
		B6929A66226C143A00042919 /* System */ = {
			isa = PBXGroup;
			children = (
				B6929A76226C48F800042919 /* README.md */,
				B63AF2CD2270405A0069C54B /* NPC */,
				B6929A77226C540E00042919 /* Manager */,
				B6929A69226C149A00042919 /* DataClass */,
			);
			path = System;
			sourceTree = "<group>";
		};
		B6929A69226C149A00042919 /* DataClass */ = {
			isa = PBXGroup;
			children = (
				B6929A6A226C14A600042919 /* HSPlayer.swift */,
				B6929A72226C414F00042919 /* HSItem.swift */,
				B6929A74226C42DF00042919 /* HSItemStack.swift */,
				B6929A6C226C155300042919 /* HSEraEvent.swift */,
				B6929A6E226C1B2A00042919 /* HSEraEventAction.swift */,
				B6929A70226C1B8C00042919 /* +HSEraEventAction.swift */,
				B616EC3022718C6500D2B305 /* HSSpecialItem.swift */,
			);
			path = DataClass;
			sourceTree = "<group>";
		};
		B6929A77226C540E00042919 /* Manager */ = {
			isa = PBXGroup;
			children = (
				B60D72632275B8240025A08D /* +HSSquareEventManager.swift */,
				B6929A78226C581700042919 /* HSGameController.swift */,
				B6A20AEB22715EC40006765F /* HSShopManager.swift */,
				B6929A67226C146E00042919 /* HSPlayerSquareManager.swift */,
				B68686A3226EEF4200389CFB /* HSSquareEventManager.swift */,
			);
			path = Manager;
			sourceTree = "<group>";
		};
		BF3333F62273675B00CB0F4F /* ActionAlert */ = {
			isa = PBXGroup;
			children = (
				BF08F4272272A6C800D2F93C /* ActionAlertViewController.swift */,
				BF08F4282272A6C800D2F93C /* ActionAlertViewController.xib */,
			);
			path = ActionAlert;
			sourceTree = "<group>";
		};
		BFD8FE552271579F000EC11E /* Car */ = {
			isa = PBXGroup;
			children = (
				BFD8FE5C22727509000EC11E /* AnimateEachBlock.swift */,
				BFD8FE56227157BA000EC11E /* Car.swift */,
				BFD8FE5822715CF7000EC11E /* Car.xib */,
			);
			path = Car;
			sourceTree = "<group>";
		};
		CC152690227172D8003CB391 /* Roulette */ = {
			isa = PBXGroup;
			children = (
				CCED28102270D13100B676BF /* HSRouletteAnimation.swift */,
				CC15269322717C5D003CB391 /* HSRouletteCustomView.swift */,
			);
			path = Roulette;
			sourceTree = "<group>";
		};
		CC15269522718EF5003CB391 /* BaseUIDefinition */ = {
			isa = PBXGroup;
			children = (
				CC1526AA22734752003CB391 /* Shadow */,
				CC15269622718F7C003CB391 /* HSColor.swift */,
				CC1526A32271B588003CB391 /* HSFont.swift */,
				CC1526A12271A7F5003CB391 /* FadeInOutAnimation.swift */,
				CC15269F22719A01003CB391 /* TsukushiAMaruGothic.ttc */,
			);
			path = BaseUIDefinition;
			sourceTree = "<group>";
		};
		CC1526A522732F86003CB391 /* balloon */ = {
			isa = PBXGroup;
			children = (
				CC1526A622732FA6003CB391 /* HSBalloonCustomView.swift */,
				CC1526AB2273581D003CB391 /* HSBalloonCustomView.xib */,
			);
			path = balloon;
			sourceTree = "<group>";
		};
		CC1526AA22734752003CB391 /* Shadow */ = {
			isa = PBXGroup;
			children = (
				CC152698227191A4003CB391 /* HSShadow.swift */,
				CC1526A82273472B003CB391 /* HSInnerShadow.swift */,
			);
			path = Shadow;
			sourceTree = "<group>";
		};
		CC1526B022742738003CB391 /* playerArea */ = {
			isa = PBXGroup;
			children = (
				CC1526B12274275D003CB391 /* HSPlayerAreaCustomView.swift */,
				CC1526B52274337F003CB391 /* HSPlayerAreaCustomView.xib */,
			);
			path = playerArea;
			sourceTree = "<group>";
		};
/* End PBXGroup section */

/* Begin PBXNativeTarget section */
		B6929A14226C0FA200042919 /* Heisei_Jinsei_Game */ = {
			isa = PBXNativeTarget;
			buildConfigurationList = B6929A32226C0FA300042919 /* Build configuration list for PBXNativeTarget "Heisei_Jinsei_Game" */;
			buildPhases = (
				B6929A11226C0FA200042919 /* Sources */,
				B6929A12226C0FA200042919 /* Frameworks */,
				B6929A13226C0FA200042919 /* Resources */,
			);
			buildRules = (
			);
			dependencies = (
			);
			name = Heisei_Jinsei_Game;
			productName = Heisei_Jinsei_Game;
			productReference = B6929A15226C0FA200042919 /* Heisei_Jinsei_Game.app */;
			productType = "com.apple.product-type.application";
		};
		B6929A28226C0FA300042919 /* Heisei_Jinsei_GameTests */ = {
			isa = PBXNativeTarget;
			buildConfigurationList = B6929A35226C0FA300042919 /* Build configuration list for PBXNativeTarget "Heisei_Jinsei_GameTests" */;
			buildPhases = (
				B6929A25226C0FA300042919 /* Sources */,
				B6929A26226C0FA300042919 /* Frameworks */,
				B6929A27226C0FA300042919 /* Resources */,
			);
			buildRules = (
			);
			dependencies = (
				B6929A2B226C0FA300042919 /* PBXTargetDependency */,
			);
			name = Heisei_Jinsei_GameTests;
			productName = Heisei_Jinsei_GameTests;
			productReference = B6929A29226C0FA300042919 /* Heisei_Jinsei_GameTests.xctest */;
			productType = "com.apple.product-type.bundle.unit-test";
		};
/* End PBXNativeTarget section */

/* Begin PBXProject section */
		B6929A0D226C0FA200042919 /* Project object */ = {
			isa = PBXProject;
			attributes = {
				LastSwiftUpdateCheck = 1020;
				LastUpgradeCheck = 1020;
				ORGANIZATIONNAME = yuki;
				TargetAttributes = {
					B6929A14226C0FA200042919 = {
						CreatedOnToolsVersion = 10.2.1;
					};
					B6929A28226C0FA300042919 = {
						CreatedOnToolsVersion = 10.2.1;
						TestTargetID = B6929A14226C0FA200042919;
					};
				};
			};
			buildConfigurationList = B6929A10226C0FA200042919 /* Build configuration list for PBXProject "Heisei_Jinsei_Game" */;
			compatibilityVersion = "Xcode 9.3";
			developmentRegion = en;
			hasScannedForEncodings = 0;
			knownRegions = (
				en,
				Base,
			);
			mainGroup = B6929A0C226C0FA200042919;
			productRefGroup = B6929A16226C0FA200042919 /* Products */;
			projectDirPath = "";
			projectRoot = "";
			targets = (
				B6929A14226C0FA200042919 /* Heisei_Jinsei_Game */,
				B6929A28226C0FA300042919 /* Heisei_Jinsei_GameTests */,
			);
		};
/* End PBXProject section */

/* Begin PBXResourcesBuildPhase section */
		B6929A13226C0FA200042919 /* Resources */ = {
			isa = PBXResourcesBuildPhase;
			buildActionMask = 2147483647;
			files = (
				CC1526A022719A09003CB391 /* TsukushiAMaruGothic.ttc in Resources */,
				B6929A61226C13FD00042919 /* HSMapDetailView.storyboard in Resources */,
				CC1526B62274337F003CB391 /* HSPlayerAreaCustomView.xib in Resources */,
				BFD8FE5922715CF7000EC11E /* Car.xib in Resources */,
				CC1526AC2273581D003CB391 /* HSBalloonCustomView.xib in Resources */,
				B6929A65226C142100042919 /* HSMainMenu.storyboard in Resources */,
				B6929A23226C0FA300042919 /* LaunchScreen.storyboard in Resources */,
				B6929A20226C0FA300042919 /* Assets.xcassets in Resources */,
				B6929A1E226C0FA200042919 /* Main.storyboard in Resources */,
				B6929A63226C141600042919 /* HSMapView.storyboard in Resources */,
				BF08F42A2272A6C900D2F93C /* ActionAlertViewController.xib in Resources */,
			);
			runOnlyForDeploymentPostprocessing = 0;
		};
		B6929A27226C0FA300042919 /* Resources */ = {
			isa = PBXResourcesBuildPhase;
			buildActionMask = 2147483647;
			files = (
			);
			runOnlyForDeploymentPostprocessing = 0;
		};
/* End PBXResourcesBuildPhase section */

/* Begin PBXSourcesBuildPhase section */
		B6929A11226C0FA200042919 /* Sources */ = {
			isa = PBXSourcesBuildPhase;
			buildActionMask = 2147483647;
			files = (
				B6A20AEC22715EC40006765F /* HSShopManager.swift in Sources */,
				B616EC3122718C6500D2B305 /* HSSpecialItem.swift in Sources */,
				B6929A6D226C155300042919 /* HSEraEvent.swift in Sources */,
				B6929A46226C11DF00042919 /* Ex+UIColor.swift in Sources */,
				BFD8FE5D22727509000EC11E /* AnimateEachBlock.swift in Sources */,
				BFD8FE57227157BA000EC11E /* Car.swift in Sources */,
				B6929A55226C13A000042919 /* HSMainMenuViewModel.swift in Sources */,
				B63AF2CF227040690069C54B /* HSNPCPlayer.swift in Sources */,
				B60D72642275B8240025A08D /* +HSSquareEventManager.swift in Sources */,
				B6929A75226C42DF00042919 /* HSItemStack.swift in Sources */,
				B6929A73226C414F00042919 /* HSItem.swift in Sources */,
				CC1526A42271B588003CB391 /* HSFont.swift in Sources */,
				CC1526A22271A7F5003CB391 /* FadeInOutAnimation.swift in Sources */,
				CC152699227191A4003CB391 /* HSShadow.swift in Sources */,
				B6929A45226C11DF00042919 /* Ex+UIKit.swift in Sources */,
				CCED28112270D13100B676BF /* HSRouletteAnimation.swift in Sources */,
				CC1526A92273472B003CB391 /* HSInnerShadow.swift in Sources */,
				B6929A49226C11E500042919 /* RMStorage.swift in Sources */,
				B6929A41226C11DF00042919 /* Ex+UIImage.swift in Sources */,
				CC1526A722732FA6003CB391 /* HSBalloonCustomView.swift in Sources */,
				B6929A4D226C120200042919 /* IEView.swift in Sources */,
				B6929A47226C11DF00042919 /* Ex+CoreGraphics.swift in Sources */,
				B6929A58226C13B600042919 /* HSMapViewController.swift in Sources */,
				CC1526B22274275D003CB391 /* HSPlayerAreaCustomView.swift in Sources */,
				B68686A4226EEF4200389CFB /* HSSquareEventManager.swift in Sources */,
				B6929A44226C11DF00042919 /* EX+SpriteKit.swift in Sources */,
				B6929A42226C11DF00042919 /* Ex+Swift.swift in Sources */,
				CC15269422717C5D003CB391 /* HSRouletteCustomView.swift in Sources */,
				B6929A5A226C13BF00042919 /* HSMapViewModel.swift in Sources */,
				B6929A53226C139500042919 /* HSMainMenuViewController.swift in Sources */,
				CC15269722718F7C003CB391 /* HSColor.swift in Sources */,
				B6929A68226C146E00042919 /* HSPlayerSquareManager.swift in Sources */,
				B6929A68226C146E00042919 /* HSPlayerSquareManager.swift in Sources */,
				B6929A6B226C14A600042919 /* HSPlayer.swift in Sources */,
				B6929A5D226C13E400042919 /* HSMapDetailViewController.swift in Sources */,
				B6929A79226C581700042919 /* HSGameController.swift in Sources */,
				B6929A6F226C1B2A00042919 /* HSEraEventAction.swift in Sources */,
				B6929A5F226C13EA00042919 /* HSMapDetailViewModel.swift in Sources */,
				B6929A19226C0FA200042919 /* AppDelegate.swift in Sources */,
				B6929A71226C1B8C00042919 /* +HSEraEventAction.swift in Sources */,
				B6929A43226C11DF00042919 /* Ex+Foundation.swift in Sources */,
				BF08F4292272A6C800D2F93C /* ActionAlertViewController.swift in Sources */,
			);
			runOnlyForDeploymentPostprocessing = 0;
		};
		B6929A25226C0FA300042919 /* Sources */ = {
			isa = PBXSourcesBuildPhase;
			buildActionMask = 2147483647;
			files = (
				B68686A6226F053900389CFB /* HSGameControllerTests.swift in Sources */,
				B616EC2F2271823C00D2B305 /* HSShopManagerTests.swift in Sources */,
				B6929A2E226C0FA300042919 /* Heisei_Jinsei_GameTests.swift in Sources */,
			);
			runOnlyForDeploymentPostprocessing = 0;
		};
/* End PBXSourcesBuildPhase section */

/* Begin PBXTargetDependency section */
		B6929A2B226C0FA300042919 /* PBXTargetDependency */ = {
			isa = PBXTargetDependency;
			target = B6929A14226C0FA200042919 /* Heisei_Jinsei_Game */;
			targetProxy = B6929A2A226C0FA300042919 /* PBXContainerItemProxy */;
		};
/* End PBXTargetDependency section */

/* Begin PBXVariantGroup section */
		B6929A1C226C0FA200042919 /* Main.storyboard */ = {
			isa = PBXVariantGroup;
			children = (
				B6929A1D226C0FA200042919 /* Base */,
			);
			name = Main.storyboard;
			sourceTree = "<group>";
		};
		B6929A21226C0FA300042919 /* LaunchScreen.storyboard */ = {
			isa = PBXVariantGroup;
			children = (
				B6929A22226C0FA300042919 /* Base */,
			);
			name = LaunchScreen.storyboard;
			sourceTree = "<group>";
		};
/* End PBXVariantGroup section */

/* Begin XCBuildConfiguration section */
		B6929A30226C0FA300042919 /* Debug */ = {
			isa = XCBuildConfiguration;
			buildSettings = {
				ALWAYS_SEARCH_USER_PATHS = NO;
				CLANG_ANALYZER_NONNULL = YES;
				CLANG_ANALYZER_NUMBER_OBJECT_CONVERSION = YES_AGGRESSIVE;
				CLANG_CXX_LANGUAGE_STANDARD = "gnu++14";
				CLANG_CXX_LIBRARY = "libc++";
				CLANG_ENABLE_MODULES = YES;
				CLANG_ENABLE_OBJC_ARC = YES;
				CLANG_ENABLE_OBJC_WEAK = YES;
				CLANG_WARN_BLOCK_CAPTURE_AUTORELEASING = YES;
				CLANG_WARN_BOOL_CONVERSION = YES;
				CLANG_WARN_COMMA = YES;
				CLANG_WARN_CONSTANT_CONVERSION = YES;
				CLANG_WARN_DEPRECATED_OBJC_IMPLEMENTATIONS = YES;
				CLANG_WARN_DIRECT_OBJC_ISA_USAGE = YES_ERROR;
				CLANG_WARN_DOCUMENTATION_COMMENTS = YES;
				CLANG_WARN_EMPTY_BODY = YES;
				CLANG_WARN_ENUM_CONVERSION = YES;
				CLANG_WARN_INFINITE_RECURSION = YES;
				CLANG_WARN_INT_CONVERSION = YES;
				CLANG_WARN_NON_LITERAL_NULL_CONVERSION = YES;
				CLANG_WARN_OBJC_IMPLICIT_RETAIN_SELF = YES;
				CLANG_WARN_OBJC_LITERAL_CONVERSION = YES;
				CLANG_WARN_OBJC_ROOT_CLASS = YES_ERROR;
				CLANG_WARN_RANGE_LOOP_ANALYSIS = YES;
				CLANG_WARN_STRICT_PROTOTYPES = YES;
				CLANG_WARN_SUSPICIOUS_MOVE = YES;
				CLANG_WARN_UNGUARDED_AVAILABILITY = YES_AGGRESSIVE;
				CLANG_WARN_UNREACHABLE_CODE = YES;
				CLANG_WARN__DUPLICATE_METHOD_MATCH = YES;
				CODE_SIGN_IDENTITY = "iPhone Developer";
				COPY_PHASE_STRIP = NO;
				DEBUG_INFORMATION_FORMAT = dwarf;
				ENABLE_STRICT_OBJC_MSGSEND = YES;
				ENABLE_TESTABILITY = YES;
				GCC_C_LANGUAGE_STANDARD = gnu11;
				GCC_DYNAMIC_NO_PIC = NO;
				GCC_NO_COMMON_BLOCKS = YES;
				GCC_OPTIMIZATION_LEVEL = 0;
				GCC_PREPROCESSOR_DEFINITIONS = (
					"DEBUG=1",
					"$(inherited)",
				);
				GCC_WARN_64_TO_32_BIT_CONVERSION = YES;
				GCC_WARN_ABOUT_RETURN_TYPE = YES_ERROR;
				GCC_WARN_UNDECLARED_SELECTOR = YES;
				GCC_WARN_UNINITIALIZED_AUTOS = YES_AGGRESSIVE;
				GCC_WARN_UNUSED_FUNCTION = YES;
				GCC_WARN_UNUSED_VARIABLE = YES;
				IPHONEOS_DEPLOYMENT_TARGET = 12.2;
				MTL_ENABLE_DEBUG_INFO = INCLUDE_SOURCE;
				MTL_FAST_MATH = YES;
				ONLY_ACTIVE_ARCH = YES;
				SDKROOT = iphoneos;
				SWIFT_ACTIVE_COMPILATION_CONDITIONS = DEBUG;
				SWIFT_OPTIMIZATION_LEVEL = "-Onone";
			};
			name = Debug;
		};
		B6929A31226C0FA300042919 /* Release */ = {
			isa = XCBuildConfiguration;
			buildSettings = {
				ALWAYS_SEARCH_USER_PATHS = NO;
				CLANG_ANALYZER_NONNULL = YES;
				CLANG_ANALYZER_NUMBER_OBJECT_CONVERSION = YES_AGGRESSIVE;
				CLANG_CXX_LANGUAGE_STANDARD = "gnu++14";
				CLANG_CXX_LIBRARY = "libc++";
				CLANG_ENABLE_MODULES = YES;
				CLANG_ENABLE_OBJC_ARC = YES;
				CLANG_ENABLE_OBJC_WEAK = YES;
				CLANG_WARN_BLOCK_CAPTURE_AUTORELEASING = YES;
				CLANG_WARN_BOOL_CONVERSION = YES;
				CLANG_WARN_COMMA = YES;
				CLANG_WARN_CONSTANT_CONVERSION = YES;
				CLANG_WARN_DEPRECATED_OBJC_IMPLEMENTATIONS = YES;
				CLANG_WARN_DIRECT_OBJC_ISA_USAGE = YES_ERROR;
				CLANG_WARN_DOCUMENTATION_COMMENTS = YES;
				CLANG_WARN_EMPTY_BODY = YES;
				CLANG_WARN_ENUM_CONVERSION = YES;
				CLANG_WARN_INFINITE_RECURSION = YES;
				CLANG_WARN_INT_CONVERSION = YES;
				CLANG_WARN_NON_LITERAL_NULL_CONVERSION = YES;
				CLANG_WARN_OBJC_IMPLICIT_RETAIN_SELF = YES;
				CLANG_WARN_OBJC_LITERAL_CONVERSION = YES;
				CLANG_WARN_OBJC_ROOT_CLASS = YES_ERROR;
				CLANG_WARN_RANGE_LOOP_ANALYSIS = YES;
				CLANG_WARN_STRICT_PROTOTYPES = YES;
				CLANG_WARN_SUSPICIOUS_MOVE = YES;
				CLANG_WARN_UNGUARDED_AVAILABILITY = YES_AGGRESSIVE;
				CLANG_WARN_UNREACHABLE_CODE = YES;
				CLANG_WARN__DUPLICATE_METHOD_MATCH = YES;
				CODE_SIGN_IDENTITY = "iPhone Developer";
				COPY_PHASE_STRIP = NO;
				DEBUG_INFORMATION_FORMAT = "dwarf-with-dsym";
				ENABLE_NS_ASSERTIONS = NO;
				ENABLE_STRICT_OBJC_MSGSEND = YES;
				GCC_C_LANGUAGE_STANDARD = gnu11;
				GCC_NO_COMMON_BLOCKS = YES;
				GCC_WARN_64_TO_32_BIT_CONVERSION = YES;
				GCC_WARN_ABOUT_RETURN_TYPE = YES_ERROR;
				GCC_WARN_UNDECLARED_SELECTOR = YES;
				GCC_WARN_UNINITIALIZED_AUTOS = YES_AGGRESSIVE;
				GCC_WARN_UNUSED_FUNCTION = YES;
				GCC_WARN_UNUSED_VARIABLE = YES;
				IPHONEOS_DEPLOYMENT_TARGET = 12.2;
				MTL_ENABLE_DEBUG_INFO = NO;
				MTL_FAST_MATH = YES;
				SDKROOT = iphoneos;
				SWIFT_COMPILATION_MODE = wholemodule;
				SWIFT_OPTIMIZATION_LEVEL = "-O";
				VALIDATE_PRODUCT = YES;
			};
			name = Release;
		};
		B6929A33226C0FA300042919 /* Debug */ = {
			isa = XCBuildConfiguration;
			buildSettings = {
				ASSETCATALOG_COMPILER_APPICON_NAME = AppIcon;
				CODE_SIGN_STYLE = Automatic;
				DEVELOPMENT_TEAM = Y475J6372H;
				INFOPLIST_FILE = Heisei_Jinsei_Game/Info.plist;
				IPHONEOS_DEPLOYMENT_TARGET = 12.1;
				LD_RUNPATH_SEARCH_PATHS = (
					"$(inherited)",
					"@executable_path/Frameworks",
				);
				PRODUCT_BUNDLE_IDENTIFIER = "com.pielotopica.Heisei-Jinsei-Game";
				PRODUCT_NAME = "$(TARGET_NAME)";
				SWIFT_VERSION = 4.2;
				TARGETED_DEVICE_FAMILY = 2;
			};
			name = Debug;
		};
		B6929A34226C0FA300042919 /* Release */ = {
			isa = XCBuildConfiguration;
			buildSettings = {
				ASSETCATALOG_COMPILER_APPICON_NAME = AppIcon;
				CODE_SIGN_STYLE = Automatic;
				DEVELOPMENT_TEAM = Y475J6372H;
				INFOPLIST_FILE = Heisei_Jinsei_Game/Info.plist;
				IPHONEOS_DEPLOYMENT_TARGET = 12.1;
				LD_RUNPATH_SEARCH_PATHS = (
					"$(inherited)",
					"@executable_path/Frameworks",
				);
				PRODUCT_BUNDLE_IDENTIFIER = "com.pielotopica.Heisei-Jinsei-Game";
				PRODUCT_NAME = "$(TARGET_NAME)";
				SWIFT_VERSION = 4.2;
				TARGETED_DEVICE_FAMILY = 2;
			};
			name = Release;
		};
		B6929A36226C0FA300042919 /* Debug */ = {
			isa = XCBuildConfiguration;
			buildSettings = {
				ALWAYS_EMBED_SWIFT_STANDARD_LIBRARIES = YES;
				BUNDLE_LOADER = "$(TEST_HOST)";
				CODE_SIGN_STYLE = Automatic;
				DEVELOPMENT_TEAM = Y475J6372H;
				INFOPLIST_FILE = Heisei_Jinsei_GameTests/Info.plist;
				LD_RUNPATH_SEARCH_PATHS = (
					"$(inherited)",
					"@executable_path/Frameworks",
					"@loader_path/Frameworks",
				);
				PRODUCT_BUNDLE_IDENTIFIER = "com.pielotopica.Heisei-Jinsei-GameTests";
				PRODUCT_NAME = "$(TARGET_NAME)";
				SWIFT_VERSION = 5.0;
				TARGETED_DEVICE_FAMILY = "1,2";
				TEST_HOST = "$(BUILT_PRODUCTS_DIR)/Heisei_Jinsei_Game.app/Heisei_Jinsei_Game";
			};
			name = Debug;
		};
		B6929A37226C0FA300042919 /* Release */ = {
			isa = XCBuildConfiguration;
			buildSettings = {
				ALWAYS_EMBED_SWIFT_STANDARD_LIBRARIES = YES;
				BUNDLE_LOADER = "$(TEST_HOST)";
				CODE_SIGN_STYLE = Automatic;
				DEVELOPMENT_TEAM = Y475J6372H;
				INFOPLIST_FILE = Heisei_Jinsei_GameTests/Info.plist;
				LD_RUNPATH_SEARCH_PATHS = (
					"$(inherited)",
					"@executable_path/Frameworks",
					"@loader_path/Frameworks",
				);
				PRODUCT_BUNDLE_IDENTIFIER = "com.pielotopica.Heisei-Jinsei-GameTests";
				PRODUCT_NAME = "$(TARGET_NAME)";
				SWIFT_VERSION = 5.0;
				TARGETED_DEVICE_FAMILY = "1,2";
				TEST_HOST = "$(BUILT_PRODUCTS_DIR)/Heisei_Jinsei_Game.app/Heisei_Jinsei_Game";
			};
			name = Release;
		};
/* End XCBuildConfiguration section */

/* Begin XCConfigurationList section */
		B6929A10226C0FA200042919 /* Build configuration list for PBXProject "Heisei_Jinsei_Game" */ = {
			isa = XCConfigurationList;
			buildConfigurations = (
				B6929A30226C0FA300042919 /* Debug */,
				B6929A31226C0FA300042919 /* Release */,
			);
			defaultConfigurationIsVisible = 0;
			defaultConfigurationName = Release;
		};
		B6929A32226C0FA300042919 /* Build configuration list for PBXNativeTarget "Heisei_Jinsei_Game" */ = {
			isa = XCConfigurationList;
			buildConfigurations = (
				B6929A33226C0FA300042919 /* Debug */,
				B6929A34226C0FA300042919 /* Release */,
			);
			defaultConfigurationIsVisible = 0;
			defaultConfigurationName = Release;
		};
		B6929A35226C0FA300042919 /* Build configuration list for PBXNativeTarget "Heisei_Jinsei_GameTests" */ = {
			isa = XCConfigurationList;
			buildConfigurations = (
				B6929A36226C0FA300042919 /* Debug */,
				B6929A37226C0FA300042919 /* Release */,
			);
			defaultConfigurationIsVisible = 0;
			defaultConfigurationName = Release;
		};
/* End XCConfigurationList section */
	};
	rootObject = B6929A0D226C0FA200042919 /* Project object */;
}
